PODS:
  - Alamofire (1.2.3)
  - Moya (1.1.1):
    - Moya/Core (= 1.1.1)
  - Moya/Core (1.1.1):
    - Alamofire (~> 1.2.0)
  - SDWebImage (3.7.2):
    - SDWebImage/Core (= 3.7.2)
  - SDWebImage/Core (3.7.2)
  - SwiftyJSON (2.2.0)
  - XCGLogger (2.1.1)

DEPENDENCIES:
  - Alamofire (~> 1.2)
  - Moya
  - SDWebImage (~> 3.7)
  - SwiftyJSON (~> 2.2.0)
  - XCGLogger (~> 2.1)

SPEC CHECKSUMS:
  Alamofire: 5550bf0b575ed1a4bf9be572f9463e1015cc169e
  Moya: ee0c8da3abb87f2a46bce384bd42ca13260e690e
  SDWebImage: 71b7cdc1d1721d6a82ed62889030225f2c249e29
  SwiftyJSON: 0b3e6c07af17ff745e77e8e9984097b55c956e5c
  XCGLogger: 8df921bcf88abbd511b887c8febde8163d624d81

COCOAPODS: 0.37.2
