PODS:
  - Alamofire (1.2.3)
  - DTIActivityIndicator (0.1.0)
  - Moya (1.1.1):
    - Moya/Core (= 1.1.1)
  - Moya/Core (1.1.1):
    - Alamofire (~> 1.2.0)
  - ReachabilitySwift (1.1)
  - RxCocoa (1.9):
    - RxSwift
  - RxSwift (1.9)
  - RxViewModel (1.1.0):
    - RxCocoa (~> 1.9)
  - SDWebImage (3.7.3):
    - SDWebImage/Core (= 3.7.3)
  - SDWebImage/Core (3.7.3)
  - SwiftyJSON (2.2.1)
  - XCGLogger (2.1.1)

DEPENDENCIES:
  - Alamofire (~> 1.2)
  - DTIActivityIndicator (from `https://github.com/esttorhe/DTIActivityIndicatorView-Swift`)
  - Moya (~> 1.1.1)
  - ReachabilitySwift (~> 1.1)
  - RxCocoa
  - RxSwift
  - RxViewModel
  - SDWebImage (~> 3.7)
  - SwiftyJSON (~> 2.2.0)
  - XCGLogger (~> 2.1)

EXTERNAL SOURCES:
  DTIActivityIndicator:
    :git: https://github.com/esttorhe/DTIActivityIndicatorView-Swift

CHECKOUT OPTIONS:
  DTIActivityIndicator:
    :commit: 714fccd5878a65375fdd08570c9d26008cf0ecd9
    :git: https://github.com/esttorhe/DTIActivityIndicatorView-Swift

SPEC CHECKSUMS:
  Alamofire: 5550bf0b575ed1a4bf9be572f9463e1015cc169e
  DTIActivityIndicator: ace0cc993398c52fecf8babc1aa7415ec1b0fb08
  Moya: 1218cc00c7b290a64b06af0a64c62d0d9b4d164a
  ReachabilitySwift: 1e53abddb01111deac0d229dabdb8bb043567b18
  RxCocoa: 6ef9cc14418d5bbda067550e46f5949a3eeca37d
  RxSwift: 204bf4262908521aa815ec850d93e87e9d635dd5
  RxViewModel: 35e6322bef4a2dddaa9672fa99163acc9101fff1
  SDWebImage: 1d2b1a1efda1ade1b00b6f8498865f8ddedc8a84
  SwiftyJSON: ae2d0a3d68025d136602a33c4ee215091ced3e33
  XCGLogger: 8df921bcf88abbd511b887c8febde8163d624d81

COCOAPODS: 0.38.1
