// !$*UTF8*$!
{
	archiveVersion = 1;
	classes = {
	};
	objectVersion = 46;
	objects = {

/* Begin PBXBuildFile section */
		2C2859C8091E225A27427F7E /* Pods.framework in Frameworks */ = {isa = PBXBuildFile; fileRef = 070B57F7688AB105ADB5C886 /* Pods.framework */; settings = {ATTRIBUTES = (Weak, ); }; };
		833204B21B44E4B000B79281 /* AlamoFireSwiftyJSON.swift in Sources */ = {isa = PBXBuildFile; fileRef = 833204B11B44E4B000B79281 /* AlamoFireSwiftyJSON.swift */; };
		833204B41B44ED0E00B79281 /* StringExtensions.swift in Sources */ = {isa = PBXBuildFile; fileRef = 833204B31B44ED0E00B79281 /* StringExtensions.swift */; };
		833204B61B45045C00B79281 /* TMDBApi.swift in Sources */ = {isa = PBXBuildFile; fileRef = 833204B51B45045C00B79281 /* TMDBApi.swift */; };
		835501651B43345C00C8CC48 /* AppDelegate.swift in Sources */ = {isa = PBXBuildFile; fileRef = 835501641B43345C00C8CC48 /* AppDelegate.swift */; };
		8355016C1B43345C00C8CC48 /* Main.storyboard in Resources */ = {isa = PBXBuildFile; fileRef = 8355016A1B43345C00C8CC48 /* Main.storyboard */; };
		8355016E1B43345C00C8CC48 /* Assets.xcassets in Resources */ = {isa = PBXBuildFile; fileRef = 8355016D1B43345C00C8CC48 /* Assets.xcassets */; };
		8355017C1B43345C00C8CC48 /* swifttmdbTests.swift in Sources */ = {isa = PBXBuildFile; fileRef = 8355017B1B43345C00C8CC48 /* swifttmdbTests.swift */; };
		83634BE51B4C6CCF009799A7 /* UIColor_App.swift in Sources */ = {isa = PBXBuildFile; fileRef = 83634BE41B4C6CCF009799A7 /* UIColor_App.swift */; };
		83634BEC1B4C73E8009799A7 /* SwiftColors.swift in Sources */ = {isa = PBXBuildFile; fileRef = 83634BEB1B4C73E8009799A7 /* SwiftColors.swift */; };
		83634BF01B4C76FE009799A7 /* SwiftTMDBTabBarController.swift in Sources */ = {isa = PBXBuildFile; fileRef = 83634BEF1B4C76FE009799A7 /* SwiftTMDBTabBarController.swift */; };
		83634BF21B4C7B21009799A7 /* UIViewControllerProgressExtensions.swift in Sources */ = {isa = PBXBuildFile; fileRef = 83634BF11B4C7B21009799A7 /* UIViewControllerProgressExtensions.swift */; };
		83634BF51B4DEEB5009799A7 /* Launch Screen.xib in Resources */ = {isa = PBXBuildFile; fileRef = 83634BF41B4DEEB5009799A7 /* Launch Screen.xib */; };
		83634BF71B4DF14D009799A7 /* MoviePosterCell.xib in Resources */ = {isa = PBXBuildFile; fileRef = 83634BF61B4DF14D009799A7 /* MoviePosterCell.xib */; };
		836E4CA61B44904C00A8314A /* Movie.swift in Sources */ = {isa = PBXBuildFile; fileRef = 836E4CA51B44904C00A8314A /* Movie.swift */; };
		836E4CAF1B449C4200A8314A /* MoviePosterCell.swift in Sources */ = {isa = PBXBuildFile; fileRef = 836E4CAE1B449C4200A8314A /* MoviePosterCell.swift */; };
		836E4CB31B44AFDA00A8314A /* TMDBRouter.swift in Sources */ = {isa = PBXBuildFile; fileRef = 836E4CB21B44AFDA00A8314A /* TMDBRouter.swift */; };
		836E4CB51B44B5C600A8314A /* Constants.swift in Sources */ = {isa = PBXBuildFile; fileRef = 836E4CB41B44B5C600A8314A /* Constants.swift */; };
		837AE8881B43597E008CBD5C /* InTheatersViewController.swift in Sources */ = {isa = PBXBuildFile; fileRef = 837AE8871B43597E008CBD5C /* InTheatersViewController.swift */; };
		837AE88A1B4363A5008CBD5C /* PopularViewController.swift in Sources */ = {isa = PBXBuildFile; fileRef = 837AE8891B4363A5008CBD5C /* PopularViewController.swift */; };
		837DB7D51B450D7500A537F5 /* JSONAble.swift in Sources */ = {isa = PBXBuildFile; fileRef = 837DB7D41B450D7500A537F5 /* JSONAble.swift */; };
		83CC13AB1B4B2D2C00D67174 /* MoviesInTheatersViewModel.swift in Sources */ = {isa = PBXBuildFile; fileRef = 83CC13AA1B4B2D2C00D67174 /* MoviesInTheatersViewModel.swift */; };
/* End PBXBuildFile section */

/* Begin PBXContainerItemProxy section */
		835501781B43345C00C8CC48 /* PBXContainerItemProxy */ = {
			isa = PBXContainerItemProxy;
			containerPortal = 835501591B43345C00C8CC48 /* Project object */;
			proxyType = 1;
			remoteGlobalIDString = 835501601B43345C00C8CC48;
			remoteInfo = swifttmdb;
		};
/* End PBXContainerItemProxy section */

/* Begin PBXFileReference section */
		006FFBC028B0A4FBC13FC347 /* Pods.debug.xcconfig */ = {isa = PBXFileReference; includeInIndex = 1; lastKnownFileType = text.xcconfig; name = Pods.debug.xcconfig; path = "Pods/Target Support Files/Pods/Pods.debug.xcconfig"; sourceTree = "<group>"; };
		070B57F7688AB105ADB5C886 /* Pods.framework */ = {isa = PBXFileReference; explicitFileType = wrapper.framework; includeInIndex = 0; path = Pods.framework; sourceTree = BUILT_PRODUCTS_DIR; };
		833204B11B44E4B000B79281 /* AlamoFireSwiftyJSON.swift */ = {isa = PBXFileReference; fileEncoding = 4; lastKnownFileType = sourcecode.swift; path = AlamoFireSwiftyJSON.swift; sourceTree = "<group>"; };
		833204B31B44ED0E00B79281 /* StringExtensions.swift */ = {isa = PBXFileReference; fileEncoding = 4; lastKnownFileType = sourcecode.swift; path = StringExtensions.swift; sourceTree = "<group>"; };
		833204B51B45045C00B79281 /* TMDBApi.swift */ = {isa = PBXFileReference; fileEncoding = 4; lastKnownFileType = sourcecode.swift; path = TMDBApi.swift; sourceTree = "<group>"; };
		835501611B43345C00C8CC48 /* swifttmdb.app */ = {isa = PBXFileReference; explicitFileType = wrapper.application; includeInIndex = 0; path = swifttmdb.app; sourceTree = BUILT_PRODUCTS_DIR; };
		835501641B43345C00C8CC48 /* AppDelegate.swift */ = {isa = PBXFileReference; lastKnownFileType = sourcecode.swift; path = AppDelegate.swift; sourceTree = "<group>"; };
		8355016B1B43345C00C8CC48 /* Base */ = {isa = PBXFileReference; lastKnownFileType = file.storyboard; name = Base; path = Base.lproj/Main.storyboard; sourceTree = "<group>"; };
		8355016D1B43345C00C8CC48 /* Assets.xcassets */ = {isa = PBXFileReference; lastKnownFileType = folder.assetcatalog; path = Assets.xcassets; sourceTree = "<group>"; };
		835501721B43345C00C8CC48 /* Info.plist */ = {isa = PBXFileReference; lastKnownFileType = text.plist.xml; path = Info.plist; sourceTree = "<group>"; };
		835501771B43345C00C8CC48 /* swifttmdbTests.xctest */ = {isa = PBXFileReference; explicitFileType = wrapper.cfbundle; includeInIndex = 0; path = swifttmdbTests.xctest; sourceTree = BUILT_PRODUCTS_DIR; };
		8355017B1B43345C00C8CC48 /* swifttmdbTests.swift */ = {isa = PBXFileReference; lastKnownFileType = sourcecode.swift; path = swifttmdbTests.swift; sourceTree = "<group>"; };
		8355017D1B43345C00C8CC48 /* Info.plist */ = {isa = PBXFileReference; lastKnownFileType = text.plist.xml; path = Info.plist; sourceTree = "<group>"; };
		83634BE41B4C6CCF009799A7 /* UIColor_App.swift */ = {isa = PBXFileReference; fileEncoding = 4; lastKnownFileType = sourcecode.swift; path = UIColor_App.swift; sourceTree = "<group>"; };
		83634BE91B4C7036009799A7 /* SwiftTMDB-Bridging-Header.h */ = {isa = PBXFileReference; fileEncoding = 4; lastKnownFileType = sourcecode.c.h; path = "SwiftTMDB-Bridging-Header.h"; sourceTree = "<group>"; };
		83634BEB1B4C73E8009799A7 /* SwiftColors.swift */ = {isa = PBXFileReference; fileEncoding = 4; lastKnownFileType = sourcecode.swift; path = SwiftColors.swift; sourceTree = "<group>"; };
		83634BEF1B4C76FE009799A7 /* SwiftTMDBTabBarController.swift */ = {isa = PBXFileReference; fileEncoding = 4; lastKnownFileType = sourcecode.swift; path = SwiftTMDBTabBarController.swift; sourceTree = "<group>"; };
		83634BF11B4C7B21009799A7 /* UIViewControllerProgressExtensions.swift */ = {isa = PBXFileReference; fileEncoding = 4; lastKnownFileType = sourcecode.swift; path = UIViewControllerProgressExtensions.swift; sourceTree = "<group>"; };
		83634BF41B4DEEB5009799A7 /* Launch Screen.xib */ = {isa = PBXFileReference; fileEncoding = 4; lastKnownFileType = file.xib; path = "Launch Screen.xib"; sourceTree = "<group>"; };
		83634BF61B4DF14D009799A7 /* MoviePosterCell.xib */ = {isa = PBXFileReference; fileEncoding = 4; lastKnownFileType = file.xib; path = MoviePosterCell.xib; sourceTree = "<group>"; };
		836E4CA51B44904C00A8314A /* Movie.swift */ = {isa = PBXFileReference; fileEncoding = 4; lastKnownFileType = sourcecode.swift; path = Movie.swift; sourceTree = "<group>"; };
		836E4CAE1B449C4200A8314A /* MoviePosterCell.swift */ = {isa = PBXFileReference; fileEncoding = 4; lastKnownFileType = sourcecode.swift; path = MoviePosterCell.swift; sourceTree = "<group>"; };
		836E4CB21B44AFDA00A8314A /* TMDBRouter.swift */ = {isa = PBXFileReference; fileEncoding = 4; lastKnownFileType = sourcecode.swift; path = TMDBRouter.swift; sourceTree = "<group>"; };
		836E4CB41B44B5C600A8314A /* Constants.swift */ = {isa = PBXFileReference; fileEncoding = 4; lastKnownFileType = sourcecode.swift; path = Constants.swift; sourceTree = "<group>"; };
		837AE8871B43597E008CBD5C /* InTheatersViewController.swift */ = {isa = PBXFileReference; fileEncoding = 4; lastKnownFileType = sourcecode.swift; path = InTheatersViewController.swift; sourceTree = "<group>"; };
		837AE8891B4363A5008CBD5C /* PopularViewController.swift */ = {isa = PBXFileReference; fileEncoding = 4; lastKnownFileType = sourcecode.swift; path = PopularViewController.swift; sourceTree = "<group>"; };
		837DB7D41B450D7500A537F5 /* JSONAble.swift */ = {isa = PBXFileReference; fileEncoding = 4; lastKnownFileType = sourcecode.swift; path = JSONAble.swift; sourceTree = "<group>"; };
		83CC13AA1B4B2D2C00D67174 /* MoviesInTheatersViewModel.swift */ = {isa = PBXFileReference; fileEncoding = 4; lastKnownFileType = sourcecode.swift; path = MoviesInTheatersViewModel.swift; sourceTree = "<group>"; };
		E91BCDD88B524A45513D0A58 /* Pods.release.xcconfig */ = {isa = PBXFileReference; includeInIndex = 1; lastKnownFileType = text.xcconfig; name = Pods.release.xcconfig; path = "Pods/Target Support Files/Pods/Pods.release.xcconfig"; sourceTree = "<group>"; };
/* End PBXFileReference section */

/* Begin PBXFrameworksBuildPhase section */
		8355015E1B43345C00C8CC48 /* Frameworks */ = {
			isa = PBXFrameworksBuildPhase;
			buildActionMask = 2147483647;
			files = (
				2C2859C8091E225A27427F7E /* Pods.framework in Frameworks */,
			);
			runOnlyForDeploymentPostprocessing = 0;
		};
		835501741B43345C00C8CC48 /* Frameworks */ = {
			isa = PBXFrameworksBuildPhase;
			buildActionMask = 2147483647;
			files = (
			);
			runOnlyForDeploymentPostprocessing = 0;
		};
/* End PBXFrameworksBuildPhase section */

/* Begin PBXGroup section */
		1FECF8C65918625DCDC14EB7 /* Frameworks */ = {
			isa = PBXGroup;
			children = (
				070B57F7688AB105ADB5C886 /* Pods.framework */,
			);
			name = Frameworks;
			sourceTree = "<group>";
		};
		835501581B43345C00C8CC48 = {
			isa = PBXGroup;
			children = (
				835501631B43345C00C8CC48 /* swifttmdb */,
				8355017A1B43345C00C8CC48 /* swifttmdbTests */,
				835501621B43345C00C8CC48 /* Products */,
				D81AA0C72D20FDAFA0A015DC /* Pods */,
				1FECF8C65918625DCDC14EB7 /* Frameworks */,
			);
			sourceTree = "<group>";
		};
		835501621B43345C00C8CC48 /* Products */ = {
			isa = PBXGroup;
			children = (
				835501611B43345C00C8CC48 /* swifttmdb.app */,
				835501771B43345C00C8CC48 /* swifttmdbTests.xctest */,
			);
			name = Products;
			sourceTree = "<group>";
		};
		835501631B43345C00C8CC48 /* swifttmdb */ = {
			isa = PBXGroup;
			children = (
				83634BF31B4DEB43009799A7 /* Supporting Files */,
				83CC13A91B4B2C6D00D67174 /* ViewModel */,
				83CC13A81B4B2B5E00D67174 /* UI */,
				836E4CB11B44AFC300A8314A /* Api */,
				836E4CA91B449B9A00A8314A /* Views */,
				837AE8861B435958008CBD5C /* Utils */,
				837AE8851B435945008CBD5C /* ViewControllers */,
				837AE8841B43592F008CBD5C /* Models */,
				835501641B43345C00C8CC48 /* AppDelegate.swift */,
				8355016D1B43345C00C8CC48 /* Assets.xcassets */,
				836E4CB41B44B5C600A8314A /* Constants.swift */,
			);
			path = swifttmdb;
			sourceTree = "<group>";
		};
		8355017A1B43345C00C8CC48 /* swifttmdbTests */ = {
			isa = PBXGroup;
			children = (
				8355017B1B43345C00C8CC48 /* swifttmdbTests.swift */,
				8355017D1B43345C00C8CC48 /* Info.plist */,
			);
			path = swifttmdbTests;
			sourceTree = "<group>";
		};
		83634BF31B4DEB43009799A7 /* Supporting Files */ = {
			isa = PBXGroup;
			children = (
				835501721B43345C00C8CC48 /* Info.plist */,
				83634BE91B4C7036009799A7 /* SwiftTMDB-Bridging-Header.h */,
			);
			name = "Supporting Files";
			sourceTree = "<group>";
		};
		836E4CA91B449B9A00A8314A /* Views */ = {
			isa = PBXGroup;
			children = (
				836E4CAE1B449C4200A8314A /* MoviePosterCell.swift */,
				83634BF61B4DF14D009799A7 /* MoviePosterCell.xib */,
			);
			name = Views;
			sourceTree = "<group>";
		};
		836E4CB11B44AFC300A8314A /* Api */ = {
			isa = PBXGroup;
			children = (
				836E4CB21B44AFDA00A8314A /* TMDBRouter.swift */,
				833204B11B44E4B000B79281 /* AlamoFireSwiftyJSON.swift */,
				833204B51B45045C00B79281 /* TMDBApi.swift */,
			);
			name = Api;
			sourceTree = "<group>";
		};
		837AE8841B43592F008CBD5C /* Models */ = {
			isa = PBXGroup;
			children = (
				836E4CA51B44904C00A8314A /* Movie.swift */,
				837DB7D41B450D7500A537F5 /* JSONAble.swift */,
			);
			name = Models;
			sourceTree = "<group>";
		};
		837AE8851B435945008CBD5C /* ViewControllers */ = {
			isa = PBXGroup;
			children = (
				837AE8871B43597E008CBD5C /* InTheatersViewController.swift */,
				837AE8891B4363A5008CBD5C /* PopularViewController.swift */,
				83634BEF1B4C76FE009799A7 /* SwiftTMDBTabBarController.swift */,
			);
			name = ViewControllers;
			sourceTree = "<group>";
		};
		837AE8861B435958008CBD5C /* Utils */ = {
			isa = PBXGroup;
			children = (
				833204B31B44ED0E00B79281 /* StringExtensions.swift */,
				83634BEB1B4C73E8009799A7 /* SwiftColors.swift */,
				83634BF11B4C7B21009799A7 /* UIViewControllerProgressExtensions.swift */,
			);
			name = Utils;
			sourceTree = "<group>";
		};
		83CC13A81B4B2B5E00D67174 /* UI */ = {
			isa = PBXGroup;
			children = (
				83634BE41B4C6CCF009799A7 /* UIColor_App.swift */,
				8355016A1B43345C00C8CC48 /* Main.storyboard */,
				83634BF41B4DEEB5009799A7 /* Launch Screen.xib */,
			);
			name = UI;
			sourceTree = "<group>";
		};
		83CC13A91B4B2C6D00D67174 /* ViewModel */ = {
			isa = PBXGroup;
			children = (
				83CC13AA1B4B2D2C00D67174 /* MoviesInTheatersViewModel.swift */,
			);
			name = ViewModel;
			sourceTree = "<group>";
		};
		D81AA0C72D20FDAFA0A015DC /* Pods */ = {
			isa = PBXGroup;
			children = (
				006FFBC028B0A4FBC13FC347 /* Pods.debug.xcconfig */,
				E91BCDD88B524A45513D0A58 /* Pods.release.xcconfig */,
			);
			name = Pods;
			sourceTree = "<group>";
		};
/* End PBXGroup section */

/* Begin PBXNativeTarget section */
		835501601B43345C00C8CC48 /* swifttmdb */ = {
			isa = PBXNativeTarget;
			buildConfigurationList = 8355018B1B43345C00C8CC48 /* Build configuration list for PBXNativeTarget "swifttmdb" */;
			buildPhases = (
				7E3696F1AB16BA76A12595FE /* Check Pods Manifest.lock */,
				8355015D1B43345C00C8CC48 /* Sources */,
				8355015E1B43345C00C8CC48 /* Frameworks */,
				8355015F1B43345C00C8CC48 /* Resources */,
				B42EEAD0706BBE0CCFDC641D /* Embed Pods Frameworks */,
				3F4A60E97D680C66E2F4A337 /* Copy Pods Resources */,
			);
			buildRules = (
			);
			dependencies = (
			);
			name = swifttmdb;
			productName = swifttmdb;
			productReference = 835501611B43345C00C8CC48 /* swifttmdb.app */;
			productType = "com.apple.product-type.application";
		};
		835501761B43345C00C8CC48 /* swifttmdbTests */ = {
			isa = PBXNativeTarget;
			buildConfigurationList = 8355018E1B43345C00C8CC48 /* Build configuration list for PBXNativeTarget "swifttmdbTests" */;
			buildPhases = (
				835501731B43345C00C8CC48 /* Sources */,
				835501741B43345C00C8CC48 /* Frameworks */,
				835501751B43345C00C8CC48 /* Resources */,
			);
			buildRules = (
			);
			dependencies = (
				835501791B43345C00C8CC48 /* PBXTargetDependency */,
			);
			name = swifttmdbTests;
			productName = swifttmdbTests;
			productReference = 835501771B43345C00C8CC48 /* swifttmdbTests.xctest */;
			productType = "com.apple.product-type.bundle.unit-test";
		};
/* End PBXNativeTarget section */

/* Begin PBXProject section */
		835501591B43345C00C8CC48 /* Project object */ = {
			isa = PBXProject;
			attributes = {
				LastSwiftUpdateCheck = 0700;
				LastUpgradeCheck = 0700;
				ORGANIZATIONNAME = greenpixels;
				TargetAttributes = {
					835501601B43345C00C8CC48 = {
						CreatedOnToolsVersion = 7.0;
					};
					835501761B43345C00C8CC48 = {
						CreatedOnToolsVersion = 7.0;
						TestTargetID = 835501601B43345C00C8CC48;
					};
				};
			};
			buildConfigurationList = 8355015C1B43345C00C8CC48 /* Build configuration list for PBXProject "swifttmdb" */;
			compatibilityVersion = "Xcode 3.2";
			developmentRegion = English;
			hasScannedForEncodings = 0;
			knownRegions = (
				en,
				Base,
			);
			mainGroup = 835501581B43345C00C8CC48;
			productRefGroup = 835501621B43345C00C8CC48 /* Products */;
			projectDirPath = "";
			projectRoot = "";
			targets = (
				835501601B43345C00C8CC48 /* swifttmdb */,
				835501761B43345C00C8CC48 /* swifttmdbTests */,
			);
		};
/* End PBXProject section */

/* Begin PBXResourcesBuildPhase section */
		8355015F1B43345C00C8CC48 /* Resources */ = {
			isa = PBXResourcesBuildPhase;
			buildActionMask = 2147483647;
			files = (
				8355016E1B43345C00C8CC48 /* Assets.xcassets in Resources */,
				83634BF71B4DF14D009799A7 /* MoviePosterCell.xib in Resources */,
				8355016C1B43345C00C8CC48 /* Main.storyboard in Resources */,
				83634BF51B4DEEB5009799A7 /* Launch Screen.xib in Resources */,
			);
			runOnlyForDeploymentPostprocessing = 0;
		};
		835501751B43345C00C8CC48 /* Resources */ = {
			isa = PBXResourcesBuildPhase;
			buildActionMask = 2147483647;
			files = (
			);
			runOnlyForDeploymentPostprocessing = 0;
		};
/* End PBXResourcesBuildPhase section */

/* Begin PBXShellScriptBuildPhase section */
		3F4A60E97D680C66E2F4A337 /* Copy Pods Resources */ = {
			isa = PBXShellScriptBuildPhase;
			buildActionMask = 2147483647;
			files = (
			);
			inputPaths = (
			);
			name = "Copy Pods Resources";
			outputPaths = (
			);
			runOnlyForDeploymentPostprocessing = 0;
			shellPath = /bin/sh;
			shellScript = "\"${SRCROOT}/Pods/Target Support Files/Pods/Pods-resources.sh\"\n";
			showEnvVarsInLog = 0;
		};
		7E3696F1AB16BA76A12595FE /* Check Pods Manifest.lock */ = {
			isa = PBXShellScriptBuildPhase;
			buildActionMask = 2147483647;
			files = (
			);
			inputPaths = (
			);
			name = "Check Pods Manifest.lock";
			outputPaths = (
			);
			runOnlyForDeploymentPostprocessing = 0;
			shellPath = /bin/sh;
			shellScript = "diff \"${PODS_ROOT}/../Podfile.lock\" \"${PODS_ROOT}/Manifest.lock\" > /dev/null\nif [[ $? != 0 ]] ; then\n    cat << EOM\nerror: The sandbox is not in sync with the Podfile.lock. Run 'pod install' or update your CocoaPods installation.\nEOM\n    exit 1\nfi\n";
			showEnvVarsInLog = 0;
		};
		B42EEAD0706BBE0CCFDC641D /* Embed Pods Frameworks */ = {
			isa = PBXShellScriptBuildPhase;
			buildActionMask = 2147483647;
			files = (
			);
			inputPaths = (
			);
			name = "Embed Pods Frameworks";
			outputPaths = (
			);
			runOnlyForDeploymentPostprocessing = 0;
			shellPath = /bin/sh;
			shellScript = "\"${SRCROOT}/Pods/Target Support Files/Pods/Pods-frameworks.sh\"\n";
			showEnvVarsInLog = 0;
		};
/* End PBXShellScriptBuildPhase section */

/* Begin PBXSourcesBuildPhase section */
		8355015D1B43345C00C8CC48 /* Sources */ = {
			isa = PBXSourcesBuildPhase;
			buildActionMask = 2147483647;
			files = (
				83CC13AB1B4B2D2C00D67174 /* MoviesInTheatersViewModel.swift in Sources */,
				836E4CB31B44AFDA00A8314A /* TMDBRouter.swift in Sources */,
				837AE88A1B4363A5008CBD5C /* PopularViewController.swift in Sources */,
				837DB7D51B450D7500A537F5 /* JSONAble.swift in Sources */,
				836E4CAF1B449C4200A8314A /* MoviePosterCell.swift in Sources */,
				83634BF21B4C7B21009799A7 /* UIViewControllerProgressExtensions.swift in Sources */,
				83634BE51B4C6CCF009799A7 /* UIColor_App.swift in Sources */,
				836E4CA61B44904C00A8314A /* Movie.swift in Sources */,
				83634BEC1B4C73E8009799A7 /* SwiftColors.swift in Sources */,
				833204B21B44E4B000B79281 /* AlamoFireSwiftyJSON.swift in Sources */,
				833204B41B44ED0E00B79281 /* StringExtensions.swift in Sources */,
				835501651B43345C00C8CC48 /* AppDelegate.swift in Sources */,
				833204B61B45045C00B79281 /* TMDBApi.swift in Sources */,
				837AE8881B43597E008CBD5C /* InTheatersViewController.swift in Sources */,
				83634BF01B4C76FE009799A7 /* SwiftTMDBTabBarController.swift in Sources */,
				836E4CB51B44B5C600A8314A /* Constants.swift in Sources */,
			);
			runOnlyForDeploymentPostprocessing = 0;
		};
		835501731B43345C00C8CC48 /* Sources */ = {
			isa = PBXSourcesBuildPhase;
			buildActionMask = 2147483647;
			files = (
				8355017C1B43345C00C8CC48 /* swifttmdbTests.swift in Sources */,
			);
			runOnlyForDeploymentPostprocessing = 0;
		};
/* End PBXSourcesBuildPhase section */

/* Begin PBXTargetDependency section */
		835501791B43345C00C8CC48 /* PBXTargetDependency */ = {
			isa = PBXTargetDependency;
			target = 835501601B43345C00C8CC48 /* swifttmdb */;
			targetProxy = 835501781B43345C00C8CC48 /* PBXContainerItemProxy */;
		};
/* End PBXTargetDependency section */

/* Begin PBXVariantGroup section */
		8355016A1B43345C00C8CC48 /* Main.storyboard */ = {
			isa = PBXVariantGroup;
			children = (
				8355016B1B43345C00C8CC48 /* Base */,
			);
			name = Main.storyboard;
			sourceTree = "<group>";
		};
/* End PBXVariantGroup section */

/* Begin XCBuildConfiguration section */
		835501891B43345C00C8CC48 /* Debug */ = {
			isa = XCBuildConfiguration;
			buildSettings = {
				ALWAYS_SEARCH_USER_PATHS = NO;
				CLANG_CXX_LANGUAGE_STANDARD = "gnu++0x";
				CLANG_CXX_LIBRARY = "libc++";
				CLANG_ENABLE_MODULES = YES;
				CLANG_ENABLE_OBJC_ARC = YES;
				CLANG_WARN_BOOL_CONVERSION = YES;
				CLANG_WARN_CONSTANT_CONVERSION = YES;
				CLANG_WARN_DIRECT_OBJC_ISA_USAGE = YES_ERROR;
				CLANG_WARN_EMPTY_BODY = YES;
				CLANG_WARN_ENUM_CONVERSION = YES;
				CLANG_WARN_INT_CONVERSION = YES;
				CLANG_WARN_OBJC_ROOT_CLASS = YES_ERROR;
				CLANG_WARN_UNREACHABLE_CODE = YES;
				CLANG_WARN__DUPLICATE_METHOD_MATCH = YES;
				"CODE_SIGN_IDENTITY[sdk=iphoneos*]" = "iPhone Developer";
				COPY_PHASE_STRIP = NO;
				DEBUG_INFORMATION_FORMAT = dwarf;
				ENABLE_STRICT_OBJC_MSGSEND = YES;
				ENABLE_TESTABILITY = YES;
				GCC_C_LANGUAGE_STANDARD = gnu99;
				GCC_DYNAMIC_NO_PIC = NO;
				GCC_NO_COMMON_BLOCKS = YES;
				GCC_OPTIMIZATION_LEVEL = 0;
				GCC_PREPROCESSOR_DEFINITIONS = (
					"DEBUG=1",
					"$(inherited)",
				);
				GCC_WARN_64_TO_32_BIT_CONVERSION = YES;
				GCC_WARN_ABOUT_RETURN_TYPE = YES_ERROR;
				GCC_WARN_UNDECLARED_SELECTOR = YES;
				GCC_WARN_UNINITIALIZED_AUTOS = YES_AGGRESSIVE;
				GCC_WARN_UNUSED_FUNCTION = YES;
				GCC_WARN_UNUSED_VARIABLE = YES;
				IPHONEOS_DEPLOYMENT_TARGET = 9.0;
				MTL_ENABLE_DEBUG_INFO = YES;
				ONLY_ACTIVE_ARCH = YES;
				SDKROOT = iphoneos;
				SWIFT_OPTIMIZATION_LEVEL = "-Onone";
				TARGETED_DEVICE_FAMILY = "1,2";
			};
			name = Debug;
		};
		8355018A1B43345C00C8CC48 /* Release */ = {
			isa = XCBuildConfiguration;
			buildSettings = {
				ALWAYS_SEARCH_USER_PATHS = NO;
				CLANG_CXX_LANGUAGE_STANDARD = "gnu++0x";
				CLANG_CXX_LIBRARY = "libc++";
				CLANG_ENABLE_MODULES = YES;
				CLANG_ENABLE_OBJC_ARC = YES;
				CLANG_WARN_BOOL_CONVERSION = YES;
				CLANG_WARN_CONSTANT_CONVERSION = YES;
				CLANG_WARN_DIRECT_OBJC_ISA_USAGE = YES_ERROR;
				CLANG_WARN_EMPTY_BODY = YES;
				CLANG_WARN_ENUM_CONVERSION = YES;
				CLANG_WARN_INT_CONVERSION = YES;
				CLANG_WARN_OBJC_ROOT_CLASS = YES_ERROR;
				CLANG_WARN_UNREACHABLE_CODE = YES;
				CLANG_WARN__DUPLICATE_METHOD_MATCH = YES;
				"CODE_SIGN_IDENTITY[sdk=iphoneos*]" = "iPhone Developer";
				COPY_PHASE_STRIP = NO;
				DEBUG_INFORMATION_FORMAT = "dwarf-with-dsym";
				ENABLE_NS_ASSERTIONS = NO;
				ENABLE_STRICT_OBJC_MSGSEND = YES;
				GCC_C_LANGUAGE_STANDARD = gnu99;
				GCC_NO_COMMON_BLOCKS = YES;
				GCC_WARN_64_TO_32_BIT_CONVERSION = YES;
				GCC_WARN_ABOUT_RETURN_TYPE = YES_ERROR;
				GCC_WARN_UNDECLARED_SELECTOR = YES;
				GCC_WARN_UNINITIALIZED_AUTOS = YES_AGGRESSIVE;
				GCC_WARN_UNUSED_FUNCTION = YES;
				GCC_WARN_UNUSED_VARIABLE = YES;
				IPHONEOS_DEPLOYMENT_TARGET = 9.0;
				MTL_ENABLE_DEBUG_INFO = NO;
				SDKROOT = iphoneos;
				TARGETED_DEVICE_FAMILY = "1,2";
				VALIDATE_PRODUCT = YES;
			};
			name = Release;
		};
		8355018C1B43345C00C8CC48 /* Debug */ = {
			isa = XCBuildConfiguration;
			baseConfigurationReference = 006FFBC028B0A4FBC13FC347 /* Pods.debug.xcconfig */;
			buildSettings = {
				ASSETCATALOG_COMPILER_APPICON_NAME = AppIcon;
				INFOPLIST_FILE = swifttmdb/Info.plist;
				IPHONEOS_DEPLOYMENT_TARGET = 8.1;
				LD_RUNPATH_SEARCH_PATHS = "$(inherited) @executable_path/Frameworks";
				PRODUCT_BUNDLE_IDENTIFIER = com.greenpixels.swifttmdb;
				PRODUCT_NAME = "$(TARGET_NAME)";
				SWIFT_OBJC_BRIDGING_HEADER = "$(SRCROOT)/swifttmdb/SwiftTMDB-Bridging-Header.h";
			};
			name = Debug;
		};
		8355018D1B43345C00C8CC48 /* Release */ = {
			isa = XCBuildConfiguration;
			baseConfigurationReference = E91BCDD88B524A45513D0A58 /* Pods.release.xcconfig */;
			buildSettings = {
				ASSETCATALOG_COMPILER_APPICON_NAME = AppIcon;
				INFOPLIST_FILE = swifttmdb/Info.plist;
				IPHONEOS_DEPLOYMENT_TARGET = 8.1;
				LD_RUNPATH_SEARCH_PATHS = "$(inherited) @executable_path/Frameworks";
				PRODUCT_BUNDLE_IDENTIFIER = com.greenpixels.swifttmdb;
				PRODUCT_NAME = "$(TARGET_NAME)";
				SWIFT_OBJC_BRIDGING_HEADER = "$(SRCROOT)/swifttmdb/SwiftTMDB-Bridging-Header.h";
			};
			name = Release;
		};
		8355018F1B43345C00C8CC48 /* Debug */ = {
			isa = XCBuildConfiguration;
			buildSettings = {
				BUNDLE_LOADER = "$(TEST_HOST)";
				INFOPLIST_FILE = swifttmdbTests/Info.plist;
				IPHONEOS_DEPLOYMENT_TARGET = 8.3;
				LD_RUNPATH_SEARCH_PATHS = "$(inherited) @executable_path/Frameworks @loader_path/Frameworks";
				PRODUCT_BUNDLE_IDENTIFIER = com.greenpixels.swifttmdbTests;
				PRODUCT_NAME = "$(TARGET_NAME)";
				TEST_HOST = "$(BUILT_PRODUCTS_DIR)/swifttmdb.app/swifttmdb";
			};
			name = Debug;
		};
		835501901B43345C00C8CC48 /* Release */ = {
			isa = XCBuildConfiguration;
			buildSettings = {
				BUNDLE_LOADER = "$(TEST_HOST)";
				INFOPLIST_FILE = swifttmdbTests/Info.plist;
				IPHONEOS_DEPLOYMENT_TARGET = 8.3;
				LD_RUNPATH_SEARCH_PATHS = "$(inherited) @executable_path/Frameworks @loader_path/Frameworks";
				PRODUCT_BUNDLE_IDENTIFIER = com.greenpixels.swifttmdbTests;
				PRODUCT_NAME = "$(TARGET_NAME)";
				TEST_HOST = "$(BUILT_PRODUCTS_DIR)/swifttmdb.app/swifttmdb";
			};
			name = Release;
		};
/* End XCBuildConfiguration section */

/* Begin XCConfigurationList section */
		8355015C1B43345C00C8CC48 /* Build configuration list for PBXProject "swifttmdb" */ = {
			isa = XCConfigurationList;
			buildConfigurations = (
				835501891B43345C00C8CC48 /* Debug */,
				8355018A1B43345C00C8CC48 /* Release */,
			);
			defaultConfigurationIsVisible = 0;
			defaultConfigurationName = Release;
		};
		8355018B1B43345C00C8CC48 /* Build configuration list for PBXNativeTarget "swifttmdb" */ = {
			isa = XCConfigurationList;
			buildConfigurations = (
				8355018C1B43345C00C8CC48 /* Debug */,
				8355018D1B43345C00C8CC48 /* Release */,
			);
			defaultConfigurationIsVisible = 0;
			defaultConfigurationName = Release;
		};
		8355018E1B43345C00C8CC48 /* Build configuration list for PBXNativeTarget "swifttmdbTests" */ = {
			isa = XCConfigurationList;
			buildConfigurations = (
				8355018F1B43345C00C8CC48 /* Debug */,
				835501901B43345C00C8CC48 /* Release */,
			);
			defaultConfigurationIsVisible = 0;
			defaultConfigurationName = Release;
		};
/* End XCConfigurationList section */
	};
	rootObject = 835501591B43345C00C8CC48 /* Project object */;
}
